
Microsoft Visual Studio Solution File, Format Version 12.00
# Visual Studio Version 17
VisualStudioVersion = 17.2.32630.192
MinimumVisualStudioVersion = 10.0.40219.1
Project("{FAE04EC0-301F-11D3-BF4B-00C04F79EFBC}") = "Project_Group", "Project_Group\Project_Group.csproj", "{FBD2CBF9-B169-4796-A8D3-93ECE9100692}"
EndProject
Global
	GlobalSection(SolutionConfigurationPlatforms) = preSolution
		Debug|Any CPU = Debug|Any CPU
		Release|Any CPU = Release|Any CPU
	EndGlobalSection
	GlobalSection(ProjectConfigurationPlatforms) = postSolution
		{FBD2CBF9-B169-4796-A8D3-93ECE9100692}.Debug|Any CPU.ActiveCfg = Debug|Any CPU
		{FBD2CBF9-B169-4796-A8D3-93ECE9100692}.Debug|Any CPU.Build.0 = Debug|Any CPU
		{FBD2CBF9-B169-4796-A8D3-93ECE9100692}.Release|Any CPU.ActiveCfg = Release|Any CPU
		{FBD2CBF9-B169-4796-A8D3-93ECE9100692}.Release|Any CPU.Build.0 = Release|Any CPU
	EndGlobalSection
	GlobalSection(SolutionProperties) = preSolution
		HideSolutionNode = FALSE
	EndGlobalSection
	GlobalSection(ExtensibilityGlobals) = postSolution
		SolutionGuid = {DC1DD9C3-8BC7-4F18-AEFA-9D13A614DD1F}
	EndGlobalSection
EndGlobal
